// !$*UTF8*$!
{
	archiveVersion = 1;
	classes = {
	};
	objectVersion = 46;
	objects = {

/* Begin PBXBuildFile section */
		BA5E2BEC1CEE77000029E279 /* Reachability.swift in Sources */ = {isa = PBXBuildFile; fileRef = BA5E2BEB1CEE77000029E279 /* Reachability.swift */; };
		BA8A20F41CDD3EE40005E1E4 /* AppDelegate.swift in Sources */ = {isa = PBXBuildFile; fileRef = BA8A20F31CDD3EE40005E1E4 /* AppDelegate.swift */; };
		BA8A20F61CDD3EE40005E1E4 /* ViewController.swift in Sources */ = {isa = PBXBuildFile; fileRef = BA8A20F51CDD3EE40005E1E4 /* ViewController.swift */; };
		BA8A20F91CDD3EE40005E1E4 /* Main.storyboard in Resources */ = {isa = PBXBuildFile; fileRef = BA8A20F71CDD3EE40005E1E4 /* Main.storyboard */; };
		BA8A20FB1CDD3EE50005E1E4 /* Assets.xcassets in Resources */ = {isa = PBXBuildFile; fileRef = BA8A20FA1CDD3EE50005E1E4 /* Assets.xcassets */; };
		BA8A20FE1CDD3EE50005E1E4 /* LaunchScreen.storyboard in Resources */ = {isa = PBXBuildFile; fileRef = BA8A20FC1CDD3EE50005E1E4 /* LaunchScreen.storyboard */; };
/* End PBXBuildFile section */

/* Begin PBXFileReference section */
		BA5E2BEB1CEE77000029E279 /* Reachability.swift */ = {isa = PBXFileReference; fileEncoding = 4; lastKnownFileType = sourcecode.swift; path = Reachability.swift; sourceTree = "<group>"; };
		BA8A20F01CDD3EE40005E1E4 /* BuscadorLibros.app */ = {isa = PBXFileReference; explicitFileType = wrapper.application; includeInIndex = 0; path = BuscadorLibros.app; sourceTree = BUILT_PRODUCTS_DIR; };
		BA8A20F31CDD3EE40005E1E4 /* AppDelegate.swift */ = {isa = PBXFileReference; lastKnownFileType = sourcecode.swift; path = AppDelegate.swift; sourceTree = "<group>"; };
		BA8A20F51CDD3EE40005E1E4 /* ViewController.swift */ = {isa = PBXFileReference; lastKnownFileType = sourcecode.swift; path = ViewController.swift; sourceTree = "<group>"; };
		BA8A20F81CDD3EE40005E1E4 /* Base */ = {isa = PBXFileReference; lastKnownFileType = file.storyboard; name = Base; path = Base.lproj/Main.storyboard; sourceTree = "<group>"; };
		BA8A20FA1CDD3EE50005E1E4 /* Assets.xcassets */ = {isa = PBXFileReference; lastKnownFileType = folder.assetcatalog; path = Assets.xcassets; sourceTree = "<group>"; };
		BA8A20FD1CDD3EE50005E1E4 /* Base */ = {isa = PBXFileReference; lastKnownFileType = file.storyboard; name = Base; path = Base.lproj/LaunchScreen.storyboard; sourceTree = "<group>"; };
		BA8A20FF1CDD3EE50005E1E4 /* Info.plist */ = {isa = PBXFileReference; lastKnownFileType = text.plist.xml; path = Info.plist; sourceTree = "<group>"; };
/* End PBXFileReference section */

/* Begin PBXFrameworksBuildPhase section */
		BA8A20ED1CDD3EE40005E1E4 /* Frameworks */ = {
			isa = PBXFrameworksBuildPhase;
			buildActionMask = 2147483647;
			files = (
			);
			runOnlyForDeploymentPostprocessing = 0;
		};
/* End PBXFrameworksBuildPhase section */

/* Begin PBXGroup section */
		BA8A20E71CDD3EE20005E1E4 = {
			isa = PBXGroup;
			children = (
				BA8A20F21CDD3EE40005E1E4 /* BuscadorLibros */,
				BA8A20F11CDD3EE40005E1E4 /* Products */,
			);
			sourceTree = "<group>";
		};
		BA8A20F11CDD3EE40005E1E4 /* Products */ = {
			isa = PBXGroup;
			children = (
				BA8A20F01CDD3EE40005E1E4 /* BuscadorLibros.app */,
			);
			name = Products;
			sourceTree = "<group>";
		};
		BA8A20F21CDD3EE40005E1E4 /* BuscadorLibros */ = {
			isa = PBXGroup;
			children = (
				BA8A20F31CDD3EE40005E1E4 /* AppDelegate.swift */,
				BA8A20F51CDD3EE40005E1E4 /* ViewController.swift */,
				BA8A20F71CDD3EE40005E1E4 /* Main.storyboard */,
				BA8A20FA1CDD3EE50005E1E4 /* Assets.xcassets */,
				BA8A20FC1CDD3EE50005E1E4 /* LaunchScreen.storyboard */,
				BA8A20FF1CDD3EE50005E1E4 /* Info.plist */,
				BA5E2BEB1CEE77000029E279 /* Reachability.swift */,
			);
			path = BuscadorLibros;
			sourceTree = "<group>";
		};
/* End PBXGroup section */

/* Begin PBXNativeTarget section */
		BA8A20EF1CDD3EE40005E1E4 /* BuscadorLibros */ = {
			isa = PBXNativeTarget;
			buildConfigurationList = BA8A21021CDD3EE50005E1E4 /* Build configuration list for PBXNativeTarget "BuscadorLibros" */;
			buildPhases = (
				BA8A20EC1CDD3EE40005E1E4 /* Sources */,
				BA8A20ED1CDD3EE40005E1E4 /* Frameworks */,
				BA8A20EE1CDD3EE40005E1E4 /* Resources */,
			);
			buildRules = (
			);
			dependencies = (
			);
			name = BuscadorLibros;
			productName = BuscadorLibros;
			productReference = BA8A20F01CDD3EE40005E1E4 /* BuscadorLibros.app */;
			productType = "com.apple.product-type.application";
		};
/* End PBXNativeTarget section */

/* Begin PBXProject section */
		BA8A20E81CDD3EE20005E1E4 /* Project object */ = {
			isa = PBXProject;
			attributes = {
				LastSwiftUpdateCheck = 0730;
				LastUpgradeCheck = 0730;
				ORGANIZATIONNAME = "Eusebio Millan";
				TargetAttributes = {
					BA8A20EF1CDD3EE40005E1E4 = {
						CreatedOnToolsVersion = 7.3;
					};
				};
			};
			buildConfigurationList = BA8A20EB1CDD3EE30005E1E4 /* Build configuration list for PBXProject "BuscadorLibros" */;
			compatibilityVersion = "Xcode 3.2";
			developmentRegion = English;
			hasScannedForEncodings = 0;
			knownRegions = (
				en,
				Base,
			);
			mainGroup = BA8A20E71CDD3EE20005E1E4;
			productRefGroup = BA8A20F11CDD3EE40005E1E4 /* Products */;
			projectDirPath = "";
			projectRoot = "";
			targets = (
				BA8A20EF1CDD3EE40005E1E4 /* BuscadorLibros */,
			);
		};
/* End PBXProject section */

/* Begin PBXResourcesBuildPhase section */
		BA8A20EE1CDD3EE40005E1E4 /* Resources */ = {
			isa = PBXResourcesBuildPhase;
			buildActionMask = 2147483647;
			files = (
				BA8A20FE1CDD3EE50005E1E4 /* LaunchScreen.storyboard in Resources */,
				BA8A20FB1CDD3EE50005E1E4 /* Assets.xcassets in Resources */,
				BA8A20F91CDD3EE40005E1E4 /* Main.storyboard in Resources */,
			);
			runOnlyForDeploymentPostprocessing = 0;
		};
/* End PBXResourcesBuildPhase section */

/* Begin PBXSourcesBuildPhase section */
		BA8A20EC1CDD3EE40005E1E4 /* Sources */ = {
			isa = PBXSourcesBuildPhase;
			buildActionMask = 2147483647;
			files = (
				BA8A20F61CDD3EE40005E1E4 /* ViewController.swift in Sources */,
				BA8A20F41CDD3EE40005E1E4 /* AppDelegate.swift in Sources */,
				BA5E2BEC1CEE77000029E279 /* Reachability.swift in Sources */,
			);
			runOnlyForDeploymentPostprocessing = 0;
		};
/* End PBXSourcesBuildPhase section */

/* Begin PBXVariantGroup section */
		BA8A20F71CDD3EE40005E1E4 /* Main.storyboard */ = {
			isa = PBXVariantGroup;
			children = (
				BA8A20F81CDD3EE40005E1E4 /* Base */,
			);
			name = Main.storyboard;
			sourceTree = "<group>";
		};
		BA8A20FC1CDD3EE50005E1E4 /* LaunchScreen.storyboard */ = {
			isa = PBXVariantGroup;
			children = (
				BA8A20FD1CDD3EE50005E1E4 /* Base */,
			);
			name = LaunchScreen.storyboard;
			sourceTree = "<group>";
		};
/* End PBXVariantGroup section */

/* Begin XCBuildConfiguration section */
		BA8A21001CDD3EE50005E1E4 /* Debug */ = {
			isa = XCBuildConfiguration;
			buildSettings = {
				ALWAYS_SEARCH_USER_PATHS = NO;
				CLANG_ANALYZER_NONNULL = YES;
				CLANG_CXX_LANGUAGE_STANDARD = "gnu++0x";
				CLANG_CXX_LIBRARY = "libc++";
				CLANG_ENABLE_MODULES = YES;
				CLANG_ENABLE_OBJC_ARC = YES;
				CLANG_WARN_BOOL_CONVERSION = YES;
				CLANG_WARN_CONSTANT_CONVERSION = YES;
				CLANG_WARN_DIRECT_OBJC_ISA_USAGE = YES_ERROR;
				CLANG_WARN_EMPTY_BODY = YES;
				CLANG_WARN_ENUM_CONVERSION = YES;
				CLANG_WARN_INT_CONVERSION = YES;
				CLANG_WARN_OBJC_ROOT_CLASS = YES_ERROR;
				CLANG_WARN_UNREACHABLE_CODE = YES;
				CLANG_WARN__DUPLICATE_METHOD_MATCH = YES;
				"CODE_SIGN_IDENTITY[sdk=iphoneos*]" = "iPhone Developer";
				COPY_PHASE_STRIP = NO;
				DEBUG_INFORMATION_FORMAT = dwarf;
				ENABLE_STRICT_OBJC_MSGSEND = YES;
				ENABLE_TESTABILITY = YES;
				GCC_C_LANGUAGE_STANDARD = gnu99;
				GCC_DYNAMIC_NO_PIC = NO;
				GCC_NO_COMMON_BLOCKS = YES;
				GCC_OPTIMIZATION_LEVEL = 0;
				GCC_PREPROCESSOR_DEFINITIONS = (
					"DEBUG=1",
					"$(inherited)",
				);
				GCC_WARN_64_TO_32_BIT_CONVERSION = YES;
				GCC_WARN_ABOUT_RETURN_TYPE = YES_ERROR;
				GCC_WARN_UNDECLARED_SELECTOR = YES;
				GCC_WARN_UNINITIALIZED_AUTOS = YES_AGGRESSIVE;
				GCC_WARN_UNUSED_FUNCTION = YES;
				GCC_WARN_UNUSED_VARIABLE = YES;
				IPHONEOS_DEPLOYMENT_TARGET = 9.3;
				MTL_ENABLE_DEBUG_INFO = YES;
				ONLY_ACTIVE_ARCH = YES;
				SDKROOT = iphoneos;
				SWIFT_OPTIMIZATION_LEVEL = "-Onone";
				TARGETED_DEVICE_FAMILY = "1,2";
			};
			name = Debug;
		};
		BA8A21011CDD3EE50005E1E4 /* Release */ = {
			isa = XCBuildConfiguration;
			buildSettings = {
				ALWAYS_SEARCH_USER_PATHS = NO;
				CLANG_ANALYZER_NONNULL = YES;
				CLANG_CXX_LANGUAGE_STANDARD = "gnu++0x";
				CLANG_CXX_LIBRARY = "libc++";
				CLANG_ENABLE_MODULES = YES;
				CLANG_ENABLE_OBJC_ARC = YES;
				CLANG_WARN_BOOL_CONVERSION = YES;
				CLANG_WARN_CONSTANT_CONVERSION = YES;
				CLANG_WARN_DIRECT_OBJC_ISA_USAGE = YES_ERROR;
				CLANG_WARN_EMPTY_BODY = YES;
				CLANG_WARN_ENUM_CONVERSION = YES;
				CLANG_WARN_INT_CONVERSION = YES;
				CLANG_WARN_OBJC_ROOT_CLASS = YES_ERROR;
				CLANG_WARN_UNREACHABLE_CODE = YES;
				CLANG_WARN__DUPLICATE_METHOD_MATCH = YES;
				"CODE_SIGN_IDENTITY[sdk=iphoneos*]" = "iPhone Developer";
				COPY_PHASE_STRIP = NO;
				DEBUG_INFORMATION_FORMAT = "dwarf-with-dsym";
				ENABLE_NS_ASSERTIONS = NO;
				ENABLE_STRICT_OBJC_MSGSEND = YES;
				GCC_C_LANGUAGE_STANDARD = gnu99;
				GCC_NO_COMMON_BLOCKS = YES;
				GCC_WARN_64_TO_32_BIT_CONVERSION = YES;
				GCC_WARN_ABOUT_RETURN_TYPE = YES_ERROR;
				GCC_WARN_UNDECLARED_SELECTOR = YES;
				GCC_WARN_UNINITIALIZED_AUTOS = YES_AGGRESSIVE;
				GCC_WARN_UNUSED_FUNCTION = YES;
				GCC_WARN_UNUSED_VARIABLE = YES;
				IPHONEOS_DEPLOYMENT_TARGET = 9.3;
				MTL_ENABLE_DEBUG_INFO = NO;
				SDKROOT = iphoneos;
				TARGETED_DEVICE_FAMILY = "1,2";
				VALIDATE_PRODUCT = YES;
			};
			name = Release;
		};
		BA8A21031CDD3EE50005E1E4 /* Debug */ = {
			isa = XCBuildConfiguration;
			buildSettings = {
				ASSETCATALOG_COMPILER_APPICON_NAME = AppIcon;
				INFOPLIST_FILE = BuscadorLibros/Info.plist;
				LD_RUNPATH_SEARCH_PATHS = "$(inherited) @executable_path/Frameworks";
				PRODUCT_BUNDLE_IDENTIFIER = Millan.BuscadorLibros;
				PRODUCT_NAME = "$(TARGET_NAME)";
			};
			name = Debug;
		};
		BA8A21041CDD3EE50005E1E4 /* Release */ = {
			isa = XCBuildConfiguration;
			buildSettings = {
				ASSETCATALOG_COMPILER_APPICON_NAME = AppIcon;
				INFOPLIST_FILE = BuscadorLibros/Info.plist;
				LD_RUNPATH_SEARCH_PATHS = "$(inherited) @executable_path/Frameworks";
				PRODUCT_BUNDLE_IDENTIFIER = Millan.BuscadorLibros;
				PRODUCT_NAME = "$(TARGET_NAME)";
			};
			name = Release;
		};
/* End XCBuildConfiguration section */

/* Begin XCConfigurationList section */
		BA8A20EB1CDD3EE30005E1E4 /* Build configuration list for PBXProject "BuscadorLibros" */ = {
			isa = XCConfigurationList;
			buildConfigurations = (
				BA8A21001CDD3EE50005E1E4 /* Debug */,
				BA8A21011CDD3EE50005E1E4 /* Release */,
			);
			defaultConfigurationIsVisible = 0;
			defaultConfigurationName = Release;
		};
		BA8A21021CDD3EE50005E1E4 /* Build configuration list for PBXNativeTarget "BuscadorLibros" */ = {
			isa = XCConfigurationList;
			buildConfigurations = (
				BA8A21031CDD3EE50005E1E4 /* Debug */,
				BA8A21041CDD3EE50005E1E4 /* Release */,
			);
			defaultConfigurationIsVisible = 0;
			defaultConfigurationName = Release;
		};
/* End XCConfigurationList section */
	};
	rootObject = BA8A20E81CDD3EE20005E1E4 /* Project object */;
}
